
Microsoft Visual Studio Solution File, Format Version 12.00
# Visual Studio 2013
VisualStudioVersion = 12.0.21005.1
MinimumVisualStudioVersion = 10.0.40219.1
Project("{FAE04EC0-301F-11D3-BF4B-00C04F79EFBC}") = "remoteApiNETWrapper", "remoteApiNETWrapper-master\remoteApiNETWrapper.csproj", "{DF9BF2BC-87A1-4A15-88B2-98BAA68ABA65}"
EndProject
Project("{FAE04EC0-301F-11D3-BF4B-00C04F79EFBC}") = "VrepSimpleTest", "VrepSimpleTest\VrepSimpleTest.csproj", "{9206B916-C21B-43BE-876A-7F3A34C9487A}"
EndProject
Global
	GlobalSection(SolutionConfigurationPlatforms) = preSolution
		Debug|Any CPU = Debug|Any CPU
		Release|Any CPU = Release|Any CPU
	EndGlobalSection
	GlobalSection(ProjectConfigurationPlatforms) = postSolution
		{DF9BF2BC-87A1-4A15-88B2-98BAA68ABA65}.Debug|Any CPU.ActiveCfg = Debug|Any CPU
		{DF9BF2BC-87A1-4A15-88B2-98BAA68ABA65}.Debug|Any CPU.Build.0 = Debug|Any CPU
		{DF9BF2BC-87A1-4A15-88B2-98BAA68ABA65}.Release|Any CPU.ActiveCfg = Release|Any CPU
		{DF9BF2BC-87A1-4A15-88B2-98BAA68ABA65}.Release|Any CPU.Build.0 = Release|Any CPU
		{9206B916-C21B-43BE-876A-7F3A34C9487A}.Debug|Any CPU.ActiveCfg = Debug|Any CPU
		{9206B916-C21B-43BE-876A-7F3A34C9487A}.Debug|Any CPU.Build.0 = Debug|Any CPU
		{9206B916-C21B-43BE-876A-7F3A34C9487A}.Release|Any CPU.ActiveCfg = Release|Any CPU
		{9206B916-C21B-43BE-876A-7F3A34C9487A}.Release|Any CPU.Build.0 = Release|Any CPU
	EndGlobalSection
	GlobalSection(SolutionProperties) = preSolution
		HideSolutionNode = FALSE
	EndGlobalSection
EndGlobal
